
Microsoft Visual Studio Solution File, Format Version 12.00
# Visual Studio 15
VisualStudioVersion = 15.0.28307.572
MinimumVisualStudioVersion = 10.0.40219.1
Project("{FAE04EC0-301F-11D3-BF4B-00C04F79EFBC}") = "ApiQuemTocaHoje", "ApiQuemTocaHoje\ApiQuemTocaHoje.csproj", "{3036B56B-4412-4055-8F22-86111E5DCBFA}"
EndProject
Global
	GlobalSection(SolutionConfigurationPlatforms) = preSolution
		Debug|Any CPU = Debug|Any CPU
		Release|Any CPU = Release|Any CPU
	EndGlobalSection
	GlobalSection(ProjectConfigurationPlatforms) = postSolution
		{3036B56B-4412-4055-8F22-86111E5DCBFA}.Debug|Any CPU.ActiveCfg = Debug|Any CPU
		{3036B56B-4412-4055-8F22-86111E5DCBFA}.Debug|Any CPU.Build.0 = Debug|Any CPU
		{3036B56B-4412-4055-8F22-86111E5DCBFA}.Release|Any CPU.ActiveCfg = Release|Any CPU
		{3036B56B-4412-4055-8F22-86111E5DCBFA}.Release|Any CPU.Build.0 = Release|Any CPU
	EndGlobalSection
	GlobalSection(SolutionProperties) = preSolution
		HideSolutionNode = FALSE
	EndGlobalSection
	GlobalSection(ExtensibilityGlobals) = postSolution
		SolutionGuid = {9BADDDD2-26A5-4377-BD76-0F48257620ED}
	EndGlobalSection
EndGlobal
